
Microsoft Visual Studio Solution File, Format Version 12.00
# Visual Studio Version 17
VisualStudioVersion = 17.10.34928.147
MinimumVisualStudioVersion = 10.0.40219.1
Project("{FAE04EC0-301F-11D3-BF4B-00C04F79EFBC}") = "KDG.Boilerplate.Server", "KDG.Boilerplate.Server\KDG.Boilerplate.Server.csproj", "{795034E5-D063-4EEE-BC3C-1B803816F1E1}"
EndProject
Project("{54A90642-561A-4BB1-A94E-469ADEE60C69}") = "kdg.boilerplate.client", "kdg.boilerplate.client\kdg.boilerplate.client.esproj", "{EC0A4AF3-0130-4C52-B8FE-551C1F454CF2}"
EndProject
Global
	GlobalSection(SolutionConfigurationPlatforms) = preSolution
		Debug|Any CPU = Debug|Any CPU
		Release|Any CPU = Release|Any CPU
	EndGlobalSection
	GlobalSection(ProjectConfigurationPlatforms) = postSolution
		{795034E5-D063-4EEE-BC3C-1B803816F1E1}.Debug|Any CPU.ActiveCfg = Debug|Any CPU
		{795034E5-D063-4EEE-BC3C-1B803816F1E1}.Debug|Any CPU.Build.0 = Debug|Any CPU
		{795034E5-D063-4EEE-BC3C-1B803816F1E1}.Release|Any CPU.ActiveCfg = Release|Any CPU
		{795034E5-D063-4EEE-BC3C-1B803816F1E1}.Release|Any CPU.Build.0 = Release|Any CPU
		{EC0A4AF3-0130-4C52-B8FE-551C1F454CF2}.Debug|Any CPU.ActiveCfg = Debug|Any CPU
		{EC0A4AF3-0130-4C52-B8FE-551C1F454CF2}.Debug|Any CPU.Build.0 = Debug|Any CPU
		{EC0A4AF3-0130-4C52-B8FE-551C1F454CF2}.Debug|Any CPU.Deploy.0 = Debug|Any CPU
		{EC0A4AF3-0130-4C52-B8FE-551C1F454CF2}.Release|Any CPU.ActiveCfg = Release|Any CPU
		{EC0A4AF3-0130-4C52-B8FE-551C1F454CF2}.Release|Any CPU.Build.0 = Release|Any CPU
		{EC0A4AF3-0130-4C52-B8FE-551C1F454CF2}.Release|Any CPU.Deploy.0 = Release|Any CPU
	EndGlobalSection
	GlobalSection(SolutionProperties) = preSolution
		HideSolutionNode = FALSE
	EndGlobalSection
	GlobalSection(ExtensibilityGlobals) = postSolution
		SolutionGuid = {24A0E127-9D37-448D-97CD-EDAB8FBBCE8F}
	EndGlobalSection
EndGlobal
